
Microsoft Visual Studio Solution File, Format Version 12.00
# Visual Studio 15
VisualStudioVersion = 15.0.28010.2050
MinimumVisualStudioVersion = 10.0.40219.1
Project("{2150E333-8FDC-42A3-9474-1A3956D46DE8}") = "05 Web.Server.Client", "05 Web.Server.Client", "{59058874-9616-4983-8089-29CA120F85FF}"
EndProject
Project("{2150E333-8FDC-42A3-9474-1A3956D46DE8}") = "01 Framework", "01 Framework", "{8634CCFB-8B4B-4274-9287-731DC4B534EC}"
EndProject
Project("{2150E333-8FDC-42A3-9474-1A3956D46DE8}") = "04 Web.Server.CMS", "04 Web.Server.CMS", "{FF59B537-DD6A-4B37-810F-9D0D1DF73BE9}"
EndProject
Project("{2150E333-8FDC-42A3-9474-1A3956D46DE8}") = "02 Domain", "02 Domain", "{A7542DE7-B4D8-4ACC-9910-EB3098F2D9B6}"
EndProject
Project("{2150E333-8FDC-42A3-9474-1A3956D46DE8}") = "03 Core", "03 Core", "{97F5EEAB-CEE9-4B5F-A299-8CF62E89D49E}"
EndProject
Project("{FAE04EC0-301F-11D3-BF4B-00C04F79EFBC}") = "Domain.DB", "Domain.DB\Domain.DB.csproj", "{67500284-8AAE-4D6D-A639-7C675F4AAADC}"
EndProject
Project("{FAE04EC0-301F-11D3-BF4B-00C04F79EFBC}") = "Domain.Site", "Domain.Site\Domain.Site.csproj", "{D45E2F1E-CCA9-443C-AF35-4C816533A742}"
EndProject
Project("{FAE04EC0-301F-11D3-BF4B-00C04F79EFBC}") = "Core.Repository", "Core.Repository\Core.Repository.csproj", "{F8F9F307-B0D5-4B45-8807-468CF0E85CA0}"
EndProject
Project("{FAE04EC0-301F-11D3-BF4B-00C04F79EFBC}") = "Business.Log", "Business.Log\Business.Log.csproj", "{B1C20C03-BB72-4391-8BAD-F23AF580FFEE}"
EndProject
Project("{FAE04EC0-301F-11D3-BF4B-00C04F79EFBC}") = "Framework.Common", "Framework.Common\Framework.Common.csproj", "{3F48F990-AEE4-499A-B0C7-0F6D53F30D96}"
EndProject
Project("{FAE04EC0-301F-11D3-BF4B-00C04F79EFBC}") = "Framework.EFData", "Framework.EFData\Framework.EFData.csproj", "{5FE41D5D-1367-462D-AE95-BBD1B7217592}"
EndProject
Project("{FAE04EC0-301F-11D3-BF4B-00C04F79EFBC}") = "Framework.Tool", "Framework.Tool\Framework.Tool.csproj", "{B23D0601-3D8C-4800-931E-95D94009AB8E}"
EndProject
Project("{FAE04EC0-301F-11D3-BF4B-00C04F79EFBC}") = "Core.Service", "Core.Service\Core.Service.csproj", "{8D995397-38A2-4994-B1B8-8EB57255D48A}"
EndProject
Project("{FAE04EC0-301F-11D3-BF4B-00C04F79EFBC}") = "Domain.Log", "Domain.Log\Domain.Log.csproj", "{87F65E9E-02BB-4EFC-94E0-7AA91530C247}"
EndProject
Project("{FAE04EC0-301F-11D3-BF4B-00C04F79EFBC}") = "Web.Site.CMS", "Web.Site.CMS\Web.Site.CMS.csproj", "{BB28921D-E74F-40D5-9D9C-F146E7F70A60}"
EndProject
Project("{FAE04EC0-301F-11D3-BF4B-00C04F79EFBC}") = "Framework.Logging", "Framework.Logging\Framework.Logging.csproj", "{BED098C3-53B5-426B-9408-DDF4FA8B5449}"
EndProject
Project("{FAE04EC0-301F-11D3-BF4B-00C04F79EFBC}") = "Web.Site.WebUI", "Web.Site.WebUI\Web.Site.WebUI.csproj", "{F321A33C-A12D-42BD-B4F1-5FDD742076A0}"
EndProject
Global
	GlobalSection(SolutionConfigurationPlatforms) = preSolution
		Debug|Any CPU = Debug|Any CPU
		Release|Any CPU = Release|Any CPU
	EndGlobalSection
	GlobalSection(ProjectConfigurationPlatforms) = postSolution
		{67500284-8AAE-4D6D-A639-7C675F4AAADC}.Debug|Any CPU.ActiveCfg = Debug|Any CPU
		{67500284-8AAE-4D6D-A639-7C675F4AAADC}.Debug|Any CPU.Build.0 = Debug|Any CPU
		{67500284-8AAE-4D6D-A639-7C675F4AAADC}.Release|Any CPU.ActiveCfg = Release|Any CPU
		{67500284-8AAE-4D6D-A639-7C675F4AAADC}.Release|Any CPU.Build.0 = Release|Any CPU
		{D45E2F1E-CCA9-443C-AF35-4C816533A742}.Debug|Any CPU.ActiveCfg = Debug|Any CPU
		{D45E2F1E-CCA9-443C-AF35-4C816533A742}.Debug|Any CPU.Build.0 = Debug|Any CPU
		{D45E2F1E-CCA9-443C-AF35-4C816533A742}.Release|Any CPU.ActiveCfg = Release|Any CPU
		{D45E2F1E-CCA9-443C-AF35-4C816533A742}.Release|Any CPU.Build.0 = Release|Any CPU
		{F8F9F307-B0D5-4B45-8807-468CF0E85CA0}.Debug|Any CPU.ActiveCfg = Debug|Any CPU
		{F8F9F307-B0D5-4B45-8807-468CF0E85CA0}.Debug|Any CPU.Build.0 = Debug|Any CPU
		{F8F9F307-B0D5-4B45-8807-468CF0E85CA0}.Release|Any CPU.ActiveCfg = Release|Any CPU
		{F8F9F307-B0D5-4B45-8807-468CF0E85CA0}.Release|Any CPU.Build.0 = Release|Any CPU
		{B1C20C03-BB72-4391-8BAD-F23AF580FFEE}.Debug|Any CPU.ActiveCfg = Debug|Any CPU
		{B1C20C03-BB72-4391-8BAD-F23AF580FFEE}.Debug|Any CPU.Build.0 = Debug|Any CPU
		{B1C20C03-BB72-4391-8BAD-F23AF580FFEE}.Release|Any CPU.ActiveCfg = Release|Any CPU
		{B1C20C03-BB72-4391-8BAD-F23AF580FFEE}.Release|Any CPU.Build.0 = Release|Any CPU
		{3F48F990-AEE4-499A-B0C7-0F6D53F30D96}.Debug|Any CPU.ActiveCfg = Debug|Any CPU
		{3F48F990-AEE4-499A-B0C7-0F6D53F30D96}.Debug|Any CPU.Build.0 = Debug|Any CPU
		{3F48F990-AEE4-499A-B0C7-0F6D53F30D96}.Release|Any CPU.ActiveCfg = Release|Any CPU
		{3F48F990-AEE4-499A-B0C7-0F6D53F30D96}.Release|Any CPU.Build.0 = Release|Any CPU
		{5FE41D5D-1367-462D-AE95-BBD1B7217592}.Debug|Any CPU.ActiveCfg = Debug|Any CPU
		{5FE41D5D-1367-462D-AE95-BBD1B7217592}.Debug|Any CPU.Build.0 = Debug|Any CPU
		{5FE41D5D-1367-462D-AE95-BBD1B7217592}.Release|Any CPU.ActiveCfg = Release|Any CPU
		{5FE41D5D-1367-462D-AE95-BBD1B7217592}.Release|Any CPU.Build.0 = Release|Any CPU
		{B23D0601-3D8C-4800-931E-95D94009AB8E}.Debug|Any CPU.ActiveCfg = Debug|Any CPU
		{B23D0601-3D8C-4800-931E-95D94009AB8E}.Debug|Any CPU.Build.0 = Debug|Any CPU
		{B23D0601-3D8C-4800-931E-95D94009AB8E}.Release|Any CPU.ActiveCfg = Release|Any CPU
		{B23D0601-3D8C-4800-931E-95D94009AB8E}.Release|Any CPU.Build.0 = Release|Any CPU
		{8D995397-38A2-4994-B1B8-8EB57255D48A}.Debug|Any CPU.ActiveCfg = Debug|Any CPU
		{8D995397-38A2-4994-B1B8-8EB57255D48A}.Debug|Any CPU.Build.0 = Debug|Any CPU
		{8D995397-38A2-4994-B1B8-8EB57255D48A}.Release|Any CPU.ActiveCfg = Release|Any CPU
		{8D995397-38A2-4994-B1B8-8EB57255D48A}.Release|Any CPU.Build.0 = Release|Any CPU
		{87F65E9E-02BB-4EFC-94E0-7AA91530C247}.Debug|Any CPU.ActiveCfg = Debug|Any CPU
		{87F65E9E-02BB-4EFC-94E0-7AA91530C247}.Debug|Any CPU.Build.0 = Debug|Any CPU
		{87F65E9E-02BB-4EFC-94E0-7AA91530C247}.Release|Any CPU.ActiveCfg = Release|Any CPU
		{87F65E9E-02BB-4EFC-94E0-7AA91530C247}.Release|Any CPU.Build.0 = Release|Any CPU
		{BB28921D-E74F-40D5-9D9C-F146E7F70A60}.Debug|Any CPU.ActiveCfg = Debug|Any CPU
		{BB28921D-E74F-40D5-9D9C-F146E7F70A60}.Debug|Any CPU.Build.0 = Debug|Any CPU
		{BB28921D-E74F-40D5-9D9C-F146E7F70A60}.Release|Any CPU.ActiveCfg = Release|Any CPU
		{BB28921D-E74F-40D5-9D9C-F146E7F70A60}.Release|Any CPU.Build.0 = Release|Any CPU
		{BED098C3-53B5-426B-9408-DDF4FA8B5449}.Debug|Any CPU.ActiveCfg = Debug|Any CPU
		{BED098C3-53B5-426B-9408-DDF4FA8B5449}.Debug|Any CPU.Build.0 = Debug|Any CPU
		{BED098C3-53B5-426B-9408-DDF4FA8B5449}.Release|Any CPU.ActiveCfg = Release|Any CPU
		{BED098C3-53B5-426B-9408-DDF4FA8B5449}.Release|Any CPU.Build.0 = Release|Any CPU
		{F321A33C-A12D-42BD-B4F1-5FDD742076A0}.Debug|Any CPU.ActiveCfg = Debug|Any CPU
		{F321A33C-A12D-42BD-B4F1-5FDD742076A0}.Debug|Any CPU.Build.0 = Debug|Any CPU
		{F321A33C-A12D-42BD-B4F1-5FDD742076A0}.Release|Any CPU.ActiveCfg = Release|Any CPU
		{F321A33C-A12D-42BD-B4F1-5FDD742076A0}.Release|Any CPU.Build.0 = Release|Any CPU
	EndGlobalSection
	GlobalSection(SolutionProperties) = preSolution
		HideSolutionNode = FALSE
	EndGlobalSection
	GlobalSection(NestedProjects) = preSolution
		{67500284-8AAE-4D6D-A639-7C675F4AAADC} = {A7542DE7-B4D8-4ACC-9910-EB3098F2D9B6}
		{D45E2F1E-CCA9-443C-AF35-4C816533A742} = {A7542DE7-B4D8-4ACC-9910-EB3098F2D9B6}
		{F8F9F307-B0D5-4B45-8807-468CF0E85CA0} = {97F5EEAB-CEE9-4B5F-A299-8CF62E89D49E}
		{B1C20C03-BB72-4391-8BAD-F23AF580FFEE} = {97F5EEAB-CEE9-4B5F-A299-8CF62E89D49E}
		{3F48F990-AEE4-499A-B0C7-0F6D53F30D96} = {8634CCFB-8B4B-4274-9287-731DC4B534EC}
		{5FE41D5D-1367-462D-AE95-BBD1B7217592} = {8634CCFB-8B4B-4274-9287-731DC4B534EC}
		{B23D0601-3D8C-4800-931E-95D94009AB8E} = {8634CCFB-8B4B-4274-9287-731DC4B534EC}
		{8D995397-38A2-4994-B1B8-8EB57255D48A} = {97F5EEAB-CEE9-4B5F-A299-8CF62E89D49E}
		{87F65E9E-02BB-4EFC-94E0-7AA91530C247} = {A7542DE7-B4D8-4ACC-9910-EB3098F2D9B6}
		{BB28921D-E74F-40D5-9D9C-F146E7F70A60} = {59058874-9616-4983-8089-29CA120F85FF}
		{BED098C3-53B5-426B-9408-DDF4FA8B5449} = {8634CCFB-8B4B-4274-9287-731DC4B534EC}
		{F321A33C-A12D-42BD-B4F1-5FDD742076A0} = {59058874-9616-4983-8089-29CA120F85FF}
	EndGlobalSection
	GlobalSection(ExtensibilityGlobals) = postSolution
		SolutionGuid = {4D101F40-5693-477C-B3B1-3543244726C4}
	EndGlobalSection
EndGlobal
